
Microsoft Visual Studio Solution File, Format Version 11.00
# Visual Studio 2010
Project("{FAE04EC0-301F-11D3-BF4B-00C04F79EFBC}") = "Assembly-CSharp", "Assembly-CSharp.csproj", "{87873119-A914-4212-B346-43117270DFEE}"
EndProject
Global
	GlobalSection(SolutionConfigurationPlatforms) = preSolution
		Debug|Any CPU = Debug|Any CPU
		Release|Any CPU = Release|Any CPU
	EndGlobalSection
	GlobalSection(ProjectConfigurationPlatforms) = postSolution
		{87873119-A914-4212-B346-43117270DFEE}.Debug|Any CPU.ActiveCfg = Debug|Any CPU
		{87873119-A914-4212-B346-43117270DFEE}.Debug|Any CPU.Build.0 = Debug|Any CPU
		{87873119-A914-4212-B346-43117270DFEE}.Release|Any CPU.ActiveCfg = Release|Any CPU
		{87873119-A914-4212-B346-43117270DFEE}.Release|Any CPU.Build.0 = Release|Any CPU
	EndGlobalSection
	GlobalSection(SolutionProperties) = preSolution
		HideSolutionNode = FALSE
	EndGlobalSection
EndGlobal
